
Microsoft Visual Studio Solution File, Format Version 11.00
# Visual Studio 2010
Project("{FAE04EC0-301F-11D3-BF4B-00C04F79EFBC}") = "Unity.2D.PixelPerfect.Samples", "Unity.2D.PixelPerfect.Samples.csproj", "{7A5D8395-0847-E3E4-E63B-0D68D78F4FA5}"
EndProject
Project("{FAE04EC0-301F-11D3-BF4B-00C04F79EFBC}") = "Assembly-CSharp", "Assembly-CSharp.csproj", "{4E65728A-8815-943B-3287-A20EFE65DB72}"
EndProject
Project("{FAE04EC0-301F-11D3-BF4B-00C04F79EFBC}") = "Assembly-CSharp-Editor", "Assembly-CSharp-Editor.csproj", "{60F9E03F-7E18-187D-4466-9C12E02DE0A8}"
EndProject
Project("{FAE04EC0-301F-11D3-BF4B-00C04F79EFBC}") = "Unity.2D.PixelPerfect.Samples.Editor", "Unity.2D.PixelPerfect.Samples.Editor.csproj", "{8204D93C-CBAE-B34D-D2BC-0B501F6388E8}"
EndProject
Global
	GlobalSection(SolutionConfigurationPlatforms) = preSolution
		Debug|Any CPU = Debug|Any CPU
		Release|Any CPU = Release|Any CPU
	EndGlobalSection
	GlobalSection(ProjectConfigurationPlatforms) = postSolution
		{7A5D8395-0847-E3E4-E63B-0D68D78F4FA5}.Debug|Any CPU.ActiveCfg = Debug|Any CPU
		{7A5D8395-0847-E3E4-E63B-0D68D78F4FA5}.Debug|Any CPU.Build.0 = Debug|Any CPU
		{7A5D8395-0847-E3E4-E63B-0D68D78F4FA5}.Release|Any CPU.ActiveCfg = Release|Any CPU
		{7A5D8395-0847-E3E4-E63B-0D68D78F4FA5}.Release|Any CPU.Build.0 = Release|Any CPU
		{4E65728A-8815-943B-3287-A20EFE65DB72}.Debug|Any CPU.ActiveCfg = Debug|Any CPU
		{4E65728A-8815-943B-3287-A20EFE65DB72}.Debug|Any CPU.Build.0 = Debug|Any CPU
		{4E65728A-8815-943B-3287-A20EFE65DB72}.Release|Any CPU.ActiveCfg = Release|Any CPU
		{4E65728A-8815-943B-3287-A20EFE65DB72}.Release|Any CPU.Build.0 = Release|Any CPU
		{60F9E03F-7E18-187D-4466-9C12E02DE0A8}.Debug|Any CPU.ActiveCfg = Debug|Any CPU
		{60F9E03F-7E18-187D-4466-9C12E02DE0A8}.Debug|Any CPU.Build.0 = Debug|Any CPU
		{60F9E03F-7E18-187D-4466-9C12E02DE0A8}.Release|Any CPU.ActiveCfg = Release|Any CPU
		{60F9E03F-7E18-187D-4466-9C12E02DE0A8}.Release|Any CPU.Build.0 = Release|Any CPU
		{8204D93C-CBAE-B34D-D2BC-0B501F6388E8}.Debug|Any CPU.ActiveCfg = Debug|Any CPU
		{8204D93C-CBAE-B34D-D2BC-0B501F6388E8}.Debug|Any CPU.Build.0 = Debug|Any CPU
		{8204D93C-CBAE-B34D-D2BC-0B501F6388E8}.Release|Any CPU.ActiveCfg = Release|Any CPU
		{8204D93C-CBAE-B34D-D2BC-0B501F6388E8}.Release|Any CPU.Build.0 = Release|Any CPU
	EndGlobalSection
	GlobalSection(SolutionProperties) = preSolution
		HideSolutionNode = FALSE
	EndGlobalSection
EndGlobal
